Microsoft Visual Studio Solution File, Format Version 12.00
# Visual Studio Version 17
VisualStudioVersion = 17.5.2.0
MinimumVisualStudioVersion = 10.0.40219.1
Project("{FAE04EC0-301F-11D3-BF4B-00C04F79EFBC}") = "bananplaysshu", "bananplaysshu.csproj", "{3253BFB2-56B8-75E6-4DEA-47E0CE0B80D5}"
EndProject
Global
	GlobalSection(SolutionConfigurationPlatforms) = preSolution
		Debug|Any CPU = Debug|Any CPU
		Release|Any CPU = Release|Any CPU
	EndGlobalSection
	GlobalSection(ProjectConfigurationPlatforms) = postSolution
		{3253BFB2-56B8-75E6-4DEA-47E0CE0B80D5}.Debug|Any CPU.ActiveCfg = Debug|Any CPU
		{3253BFB2-56B8-75E6-4DEA-47E0CE0B80D5}.Debug|Any CPU.Build.0 = Debug|Any CPU
		{3253BFB2-56B8-75E6-4DEA-47E0CE0B80D5}.Release|Any CPU.ActiveCfg = Release|Any CPU
		{3253BFB2-56B8-75E6-4DEA-47E0CE0B80D5}.Release|Any CPU.Build.0 = Release|Any CPU
	EndGlobalSection
	GlobalSection(SolutionProperties) = preSolution
		HideSolutionNode = FALSE
	EndGlobalSection
	GlobalSection(ExtensibilityGlobals) = postSolution
		SolutionGuid = {EF09DAF5-02BD-4D05-98A2-B7C40396122E}
	EndGlobalSection
EndGlobal
